
Microsoft Visual Studio Solution File, Format Version 12.00
# Visual Studio Version 17
VisualStudioVersion = 17.14.36811.4 d17.14
MinimumVisualStudioVersion = 10.0.40219.1
Project("{FAE04EC0-301F-11D3-BF4B-00C04F79EFBC}") = "React.ExternalApi", "React.ExternalApi\React.ExternalApi.csproj", "{41FCC56B-15D3-4A7A-AB3A-4999D185DF6D}"
EndProject
Global
	GlobalSection(SolutionConfigurationPlatforms) = preSolution
		Debug|Any CPU = Debug|Any CPU
		Release|Any CPU = Release|Any CPU
	EndGlobalSection
	GlobalSection(ProjectConfigurationPlatforms) = postSolution
		{41FCC56B-15D3-4A7A-AB3A-4999D185DF6D}.Debug|Any CPU.ActiveCfg = Debug|Any CPU
		{41FCC56B-15D3-4A7A-AB3A-4999D185DF6D}.Debug|Any CPU.Build.0 = Debug|Any CPU
		{41FCC56B-15D3-4A7A-AB3A-4999D185DF6D}.Release|Any CPU.ActiveCfg = Release|Any CPU
		{41FCC56B-15D3-4A7A-AB3A-4999D185DF6D}.Release|Any CPU.Build.0 = Release|Any CPU
	EndGlobalSection
	GlobalSection(SolutionProperties) = preSolution
		HideSolutionNode = FALSE
	EndGlobalSection
	GlobalSection(ExtensibilityGlobals) = postSolution
		SolutionGuid = {2B2E76BA-C295-4B6A-9147-EB416D3C020C}
	EndGlobalSection
EndGlobal
